
Microsoft Visual Studio Solution File, Format Version 12.00
# Visual Studio 15
VisualStudioVersion = 15.0.28010.2046
MinimumVisualStudioVersion = 10.0.40219.1
Project("{FAE04EC0-301F-11D3-BF4B-00C04F79EFBC}") = "ISBahus", "ISBahus\ISBahus.csproj", "{CE48B14F-3D8F-4BE3-851C-B4F42F60E8EF}"
EndProject
Global
	GlobalSection(SolutionConfigurationPlatforms) = preSolution
		Debug|Any CPU = Debug|Any CPU
		Release|Any CPU = Release|Any CPU
	EndGlobalSection
	GlobalSection(ProjectConfigurationPlatforms) = postSolution
		{CE48B14F-3D8F-4BE3-851C-B4F42F60E8EF}.Debug|Any CPU.ActiveCfg = Debug|Any CPU
		{CE48B14F-3D8F-4BE3-851C-B4F42F60E8EF}.Debug|Any CPU.Build.0 = Debug|Any CPU
		{CE48B14F-3D8F-4BE3-851C-B4F42F60E8EF}.Release|Any CPU.ActiveCfg = Release|Any CPU
		{CE48B14F-3D8F-4BE3-851C-B4F42F60E8EF}.Release|Any CPU.Build.0 = Release|Any CPU
	EndGlobalSection
	GlobalSection(SolutionProperties) = preSolution
		HideSolutionNode = FALSE
	EndGlobalSection
	GlobalSection(ExtensibilityGlobals) = postSolution
		SolutionGuid = {2B131DFE-4D66-423C-9EC4-5428C3561BB4}
	EndGlobalSection
EndGlobal
